
Microsoft Visual Studio Solution File, Format Version 12.00
Project("{FAE04EC0-301F-11D3-BF4B-00C04F79EFBC}") = "Flipper Sharp", "Flipper Sharp.csproj", "{5A73E996-F022-4423-A1C2-ED1DB724268A}"
EndProject
Global
	GlobalSection(SolutionConfigurationPlatforms) = preSolution
		Debug|Any CPU = Debug|Any CPU
		Release|Any CPU = Release|Any CPU
	EndGlobalSection
	GlobalSection(ProjectConfigurationPlatforms) = postSolution
		{5A73E996-F022-4423-A1C2-ED1DB724268A}.Debug|Any CPU.ActiveCfg = Debug|Any CPU
		{5A73E996-F022-4423-A1C2-ED1DB724268A}.Debug|Any CPU.Build.0 = Debug|Any CPU
		{5A73E996-F022-4423-A1C2-ED1DB724268A}.Release|Any CPU.ActiveCfg = Release|Any CPU
		{5A73E996-F022-4423-A1C2-ED1DB724268A}.Release|Any CPU.Build.0 = Release|Any CPU
		{5A73E996-F022-4423-A1C2-ED1DB724268A}.Release|Any CPU.Deploy.0 = Release|Any CPU
	EndGlobalSection
EndGlobal
